// !$*UTF8*$!
{
	archiveVersion = 1;
	classes = {
	};
	objectVersion = 56;
	objects = {

/* Begin PBXBuildFile section */
		371B34122BE0C66500192ED6 /* OpenInAppApp.swift in Sources */ = {isa = PBXBuildFile; fileRef = 371B34112BE0C66500192ED6 /* OpenInAppApp.swift */; };
		371B34142BE0C66500192ED6 /* ContentView.swift in Sources */ = {isa = PBXBuildFile; fileRef = 371B34132BE0C66500192ED6 /* ContentView.swift */; };
		371B34162BE0C66600192ED6 /* Assets.xcassets in Resources */ = {isa = PBXBuildFile; fileRef = 371B34152BE0C66600192ED6 /* Assets.xcassets */; };
		371B34192BE0C66600192ED6 /* Preview Assets.xcassets in Resources */ = {isa = PBXBuildFile; fileRef = 371B34182BE0C66600192ED6 /* Preview Assets.xcassets */; };
		371B34232BE0C66700192ED6 /* OpenInAppTests.swift in Sources */ = {isa = PBXBuildFile; fileRef = 371B34222BE0C66700192ED6 /* OpenInAppTests.swift */; };
		371B342D2BE0C66700192ED6 /* OpenInAppUITests.swift in Sources */ = {isa = PBXBuildFile; fileRef = 371B342C2BE0C66700192ED6 /* OpenInAppUITests.swift */; };
		371B342F2BE0C66700192ED6 /* OpenInAppUITestsLaunchTests.swift in Sources */ = {isa = PBXBuildFile; fileRef = 371B342E2BE0C66700192ED6 /* OpenInAppUITestsLaunchTests.swift */; };
		371B343E2BE110EC00192ED6 /* DashboardView.swift in Sources */ = {isa = PBXBuildFile; fileRef = 371B343D2BE110EC00192ED6 /* DashboardView.swift */; };
		371B34412BE122E100192ED6 /* DashboardViewModel.swift in Sources */ = {isa = PBXBuildFile; fileRef = 371B34402BE122E100192ED6 /* DashboardViewModel.swift */; };
		371B34452BE1240200192ED6 /* NetworkManager.swift in Sources */ = {isa = PBXBuildFile; fileRef = 371B34442BE1240200192ED6 /* NetworkManager.swift */; };
		371B34482BE1256200192ED6 /* DashboardData.swift in Sources */ = {isa = PBXBuildFile; fileRef = 371B34472BE1256200192ED6 /* DashboardData.swift */; };
		371B344A2BE1264000192ED6 /* LineChartView.swift in Sources */ = {isa = PBXBuildFile; fileRef = 371B34492BE1264000192ED6 /* LineChartView.swift */; };
		371B34532BE289D800192ED6 /* ViewHelpers.swift in Sources */ = {isa = PBXBuildFile; fileRef = 371B34522BE289D800192ED6 /* ViewHelpers.swift */; };
		3755F18B2BE547C900833BBD /* ViewAnalyticsButton.swift in Sources */ = {isa = PBXBuildFile; fileRef = 3755F18A2BE547C900833BBD /* ViewAnalyticsButton.swift */; };
		379092E92BE515850054A296 /* LinkView.swift in Sources */ = {isa = PBXBuildFile; fileRef = 379092E82BE515850054A296 /* LinkView.swift */; };
		379092EB2BE51A640054A296 /* ButtonStyleModifier.swift in Sources */ = {isa = PBXBuildFile; fileRef = 379092EA2BE51A640054A296 /* ButtonStyleModifier.swift */; };
		379092ED2BE53C9A0054A296 /* QuickStatView.swift in Sources */ = {isa = PBXBuildFile; fileRef = 379092EC2BE53C9A0054A296 /* QuickStatView.swift */; };
/* End PBXBuildFile section */

/* Begin PBXContainerItemProxy section */
		371B341F2BE0C66700192ED6 /* PBXContainerItemProxy */ = {
			isa = PBXContainerItemProxy;
			containerPortal = 371B34062BE0C66500192ED6 /* Project object */;
			proxyType = 1;
			remoteGlobalIDString = 371B340D2BE0C66500192ED6;
			remoteInfo = OpenInApp;
		};
		371B34292BE0C66700192ED6 /* PBXContainerItemProxy */ = {
			isa = PBXContainerItemProxy;
			containerPortal = 371B34062BE0C66500192ED6 /* Project object */;
			proxyType = 1;
			remoteGlobalIDString = 371B340D2BE0C66500192ED6;
			remoteInfo = OpenInApp;
		};
/* End PBXContainerItemProxy section */

/* Begin PBXFileReference section */
		371B340E2BE0C66500192ED6 /* OpenInApp.app */ = {isa = PBXFileReference; explicitFileType = wrapper.application; includeInIndex = 0; path = OpenInApp.app; sourceTree = BUILT_PRODUCTS_DIR; };
		371B34112BE0C66500192ED6 /* OpenInAppApp.swift */ = {isa = PBXFileReference; lastKnownFileType = sourcecode.swift; path = OpenInAppApp.swift; sourceTree = "<group>"; };
		371B34132BE0C66500192ED6 /* ContentView.swift */ = {isa = PBXFileReference; lastKnownFileType = sourcecode.swift; path = ContentView.swift; sourceTree = "<group>"; };
		371B34152BE0C66600192ED6 /* Assets.xcassets */ = {isa = PBXFileReference; lastKnownFileType = folder.assetcatalog; path = Assets.xcassets; sourceTree = "<group>"; };
		371B34182BE0C66600192ED6 /* Preview Assets.xcassets */ = {isa = PBXFileReference; lastKnownFileType = folder.assetcatalog; path = "Preview Assets.xcassets"; sourceTree = "<group>"; };
		371B341E2BE0C66700192ED6 /* OpenInAppTests.xctest */ = {isa = PBXFileReference; explicitFileType = wrapper.cfbundle; includeInIndex = 0; path = OpenInAppTests.xctest; sourceTree = BUILT_PRODUCTS_DIR; };
		371B34222BE0C66700192ED6 /* OpenInAppTests.swift */ = {isa = PBXFileReference; lastKnownFileType = sourcecode.swift; path = OpenInAppTests.swift; sourceTree = "<group>"; };
		371B34282BE0C66700192ED6 /* OpenInAppUITests.xctest */ = {isa = PBXFileReference; explicitFileType = wrapper.cfbundle; includeInIndex = 0; path = OpenInAppUITests.xctest; sourceTree = BUILT_PRODUCTS_DIR; };
		371B342C2BE0C66700192ED6 /* OpenInAppUITests.swift */ = {isa = PBXFileReference; lastKnownFileType = sourcecode.swift; path = OpenInAppUITests.swift; sourceTree = "<group>"; };
		371B342E2BE0C66700192ED6 /* OpenInAppUITestsLaunchTests.swift */ = {isa = PBXFileReference; lastKnownFileType = sourcecode.swift; path = OpenInAppUITestsLaunchTests.swift; sourceTree = "<group>"; };
		371B343D2BE110EC00192ED6 /* DashboardView.swift */ = {isa = PBXFileReference; lastKnownFileType = sourcecode.swift; path = DashboardView.swift; sourceTree = "<group>"; };
		371B34402BE122E100192ED6 /* DashboardViewModel.swift */ = {isa = PBXFileReference; lastKnownFileType = sourcecode.swift; path = DashboardViewModel.swift; sourceTree = "<group>"; };
		371B34442BE1240200192ED6 /* NetworkManager.swift */ = {isa = PBXFileReference; lastKnownFileType = sourcecode.swift; path = NetworkManager.swift; sourceTree = "<group>"; };
		371B34472BE1256200192ED6 /* DashboardData.swift */ = {isa = PBXFileReference; lastKnownFileType = sourcecode.swift; path = DashboardData.swift; sourceTree = "<group>"; };
		371B34492BE1264000192ED6 /* LineChartView.swift */ = {isa = PBXFileReference; lastKnownFileType = sourcecode.swift; path = LineChartView.swift; sourceTree = "<group>"; };
		371B34522BE289D800192ED6 /* ViewHelpers.swift */ = {isa = PBXFileReference; lastKnownFileType = sourcecode.swift; path = ViewHelpers.swift; sourceTree = "<group>"; };
		3755F18A2BE547C900833BBD /* ViewAnalyticsButton.swift */ = {isa = PBXFileReference; lastKnownFileType = sourcecode.swift; path = ViewAnalyticsButton.swift; sourceTree = "<group>"; };
		379092E82BE515850054A296 /* LinkView.swift */ = {isa = PBXFileReference; lastKnownFileType = sourcecode.swift; path = LinkView.swift; sourceTree = "<group>"; };
		379092EA2BE51A640054A296 /* ButtonStyleModifier.swift */ = {isa = PBXFileReference; lastKnownFileType = sourcecode.swift; path = ButtonStyleModifier.swift; sourceTree = "<group>"; };
		379092EC2BE53C9A0054A296 /* QuickStatView.swift */ = {isa = PBXFileReference; lastKnownFileType = sourcecode.swift; path = QuickStatView.swift; sourceTree = "<group>"; };
/* End PBXFileReference section */

/* Begin PBXFrameworksBuildPhase section */
		371B340B2BE0C66500192ED6 /* Frameworks */ = {
			isa = PBXFrameworksBuildPhase;
			buildActionMask = 2147483647;
			files = (
			);
			runOnlyForDeploymentPostprocessing = 0;
		};
		371B341B2BE0C66700192ED6 /* Frameworks */ = {
			isa = PBXFrameworksBuildPhase;
			buildActionMask = 2147483647;
			files = (
			);
			runOnlyForDeploymentPostprocessing = 0;
		};
		371B34252BE0C66700192ED6 /* Frameworks */ = {
			isa = PBXFrameworksBuildPhase;
			buildActionMask = 2147483647;
			files = (
			);
			runOnlyForDeploymentPostprocessing = 0;
		};
/* End PBXFrameworksBuildPhase section */

/* Begin PBXGroup section */
		371B34052BE0C66500192ED6 = {
			isa = PBXGroup;
			children = (
				371B34102BE0C66500192ED6 /* OpenInApp */,
				371B34212BE0C66700192ED6 /* OpenInAppTests */,
				371B342B2BE0C66700192ED6 /* OpenInAppUITests */,
				371B340F2BE0C66500192ED6 /* Products */,
			);
			sourceTree = "<group>";
		};
		371B340F2BE0C66500192ED6 /* Products */ = {
			isa = PBXGroup;
			children = (
				371B340E2BE0C66500192ED6 /* OpenInApp.app */,
				371B341E2BE0C66700192ED6 /* OpenInAppTests.xctest */,
				371B34282BE0C66700192ED6 /* OpenInAppUITests.xctest */,
			);
			name = Products;
			sourceTree = "<group>";
		};
		371B34102BE0C66500192ED6 /* OpenInApp */ = {
			isa = PBXGroup;
			children = (
				371B34502BE289BF00192ED6 /* Utilities */,
				371B344B2BE2840500192ED6 /* Resources */,
				371B34432BE123F400192ED6 /* Services */,
				371B343B2BE110CF00192ED6 /* Features */,
				371B34112BE0C66500192ED6 /* OpenInAppApp.swift */,
				371B34132BE0C66500192ED6 /* ContentView.swift */,
				371B34152BE0C66600192ED6 /* Assets.xcassets */,
				371B34172BE0C66600192ED6 /* Preview Content */,
			);
			path = OpenInApp;
			sourceTree = "<group>";
		};
		371B34172BE0C66600192ED6 /* Preview Content */ = {
			isa = PBXGroup;
			children = (
				371B34182BE0C66600192ED6 /* Preview Assets.xcassets */,
			);
			path = "Preview Content";
			sourceTree = "<group>";
		};
		371B34212BE0C66700192ED6 /* OpenInAppTests */ = {
			isa = PBXGroup;
			children = (
				371B34222BE0C66700192ED6 /* OpenInAppTests.swift */,
			);
			path = OpenInAppTests;
			sourceTree = "<group>";
		};
		371B342B2BE0C66700192ED6 /* OpenInAppUITests */ = {
			isa = PBXGroup;
			children = (
				371B342C2BE0C66700192ED6 /* OpenInAppUITests.swift */,
				371B342E2BE0C66700192ED6 /* OpenInAppUITestsLaunchTests.swift */,
			);
			path = OpenInAppUITests;
			sourceTree = "<group>";
		};
		371B343B2BE110CF00192ED6 /* Features */ = {
			isa = PBXGroup;
			children = (
				371B343C2BE110D500192ED6 /* Dashboard */,
			);
			path = Features;
			sourceTree = "<group>";
		};
		371B343C2BE110D500192ED6 /* Dashboard */ = {
			isa = PBXGroup;
			children = (
				371B34462BE1254C00192ED6 /* Models */,
				371B343F2BE122D200192ED6 /* ViewModels */,
				371B34422BE122ED00192ED6 /* Views */,
			);
			path = Dashboard;
			sourceTree = "<group>";
		};
		371B343F2BE122D200192ED6 /* ViewModels */ = {
			isa = PBXGroup;
			children = (
				371B34402BE122E100192ED6 /* DashboardViewModel.swift */,
			);
			path = ViewModels;
			sourceTree = "<group>";
		};
		371B34422BE122ED00192ED6 /* Views */ = {
			isa = PBXGroup;
			children = (
				371B343D2BE110EC00192ED6 /* DashboardView.swift */,
				371B34492BE1264000192ED6 /* LineChartView.swift */,
				379092E82BE515850054A296 /* LinkView.swift */,
				379092EA2BE51A640054A296 /* ButtonStyleModifier.swift */,
				379092EC2BE53C9A0054A296 /* QuickStatView.swift */,
				3755F18A2BE547C900833BBD /* ViewAnalyticsButton.swift */,
			);
			path = Views;
			sourceTree = "<group>";
		};
		371B34432BE123F400192ED6 /* Services */ = {
			isa = PBXGroup;
			children = (
				371B34442BE1240200192ED6 /* NetworkManager.swift */,
			);
			path = Services;
			sourceTree = "<group>";
		};
		371B34462BE1254C00192ED6 /* Models */ = {
			isa = PBXGroup;
			children = (
				371B34472BE1256200192ED6 /* DashboardData.swift */,
			);
			path = Models;
			sourceTree = "<group>";
		};
		371B344B2BE2840500192ED6 /* Resources */ = {
			isa = PBXGroup;
			children = (
			);
			path = Resources;
			sourceTree = "<group>";
		};
		371B34502BE289BF00192ED6 /* Utilities */ = {
			isa = PBXGroup;
			children = (
				371B34522BE289D800192ED6 /* ViewHelpers.swift */,
			);
			path = Utilities;
			sourceTree = "<group>";
		};
/* End PBXGroup section */

/* Begin PBXNativeTarget section */
		371B340D2BE0C66500192ED6 /* OpenInApp */ = {
			isa = PBXNativeTarget;
			buildConfigurationList = 371B34322BE0C66700192ED6 /* Build configuration list for PBXNativeTarget "OpenInApp" */;
			buildPhases = (
				371B340A2BE0C66500192ED6 /* Sources */,
				371B340B2BE0C66500192ED6 /* Frameworks */,
				371B340C2BE0C66500192ED6 /* Resources */,
			);
			buildRules = (
			);
			dependencies = (
			);
			name = OpenInApp;
			productName = OpenInApp;
			productReference = 371B340E2BE0C66500192ED6 /* OpenInApp.app */;
			productType = "com.apple.product-type.application";
		};
		371B341D2BE0C66700192ED6 /* OpenInAppTests */ = {
			isa = PBXNativeTarget;
			buildConfigurationList = 371B34352BE0C66700192ED6 /* Build configuration list for PBXNativeTarget "OpenInAppTests" */;
			buildPhases = (
				371B341A2BE0C66700192ED6 /* Sources */,
				371B341B2BE0C66700192ED6 /* Frameworks */,
				371B341C2BE0C66700192ED6 /* Resources */,
			);
			buildRules = (
			);
			dependencies = (
				371B34202BE0C66700192ED6 /* PBXTargetDependency */,
			);
			name = OpenInAppTests;
			productName = OpenInAppTests;
			productReference = 371B341E2BE0C66700192ED6 /* OpenInAppTests.xctest */;
			productType = "com.apple.product-type.bundle.unit-test";
		};
		371B34272BE0C66700192ED6 /* OpenInAppUITests */ = {
			isa = PBXNativeTarget;
			buildConfigurationList = 371B34382BE0C66700192ED6 /* Build configuration list for PBXNativeTarget "OpenInAppUITests" */;
			buildPhases = (
				371B34242BE0C66700192ED6 /* Sources */,
				371B34252BE0C66700192ED6 /* Frameworks */,
				371B34262BE0C66700192ED6 /* Resources */,
			);
			buildRules = (
			);
			dependencies = (
				371B342A2BE0C66700192ED6 /* PBXTargetDependency */,
			);
			name = OpenInAppUITests;
			productName = OpenInAppUITests;
			productReference = 371B34282BE0C66700192ED6 /* OpenInAppUITests.xctest */;
			productType = "com.apple.product-type.bundle.ui-testing";
		};
/* End PBXNativeTarget section */

/* Begin PBXProject section */
		371B34062BE0C66500192ED6 /* Project object */ = {
			isa = PBXProject;
			attributes = {
				BuildIndependentTargetsInParallel = 1;
				LastSwiftUpdateCheck = 1500;
				LastUpgradeCheck = 1500;
				TargetAttributes = {
					371B340D2BE0C66500192ED6 = {
						CreatedOnToolsVersion = 15.0.1;
					};
					371B341D2BE0C66700192ED6 = {
						CreatedOnToolsVersion = 15.0.1;
						TestTargetID = 371B340D2BE0C66500192ED6;
					};
					371B34272BE0C66700192ED6 = {
						CreatedOnToolsVersion = 15.0.1;
						TestTargetID = 371B340D2BE0C66500192ED6;
					};
				};
			};
			buildConfigurationList = 371B34092BE0C66500192ED6 /* Build configuration list for PBXProject "OpenInApp" */;
			compatibilityVersion = "Xcode 14.0";
			developmentRegion = en;
			hasScannedForEncodings = 0;
			knownRegions = (
				en,
				Base,
			);
			mainGroup = 371B34052BE0C66500192ED6;
			productRefGroup = 371B340F2BE0C66500192ED6 /* Products */;
			projectDirPath = "";
			projectRoot = "";
			targets = (
				371B340D2BE0C66500192ED6 /* OpenInApp */,
				371B341D2BE0C66700192ED6 /* OpenInAppTests */,
				371B34272BE0C66700192ED6 /* OpenInAppUITests */,
			);
		};
/* End PBXProject section */

/* Begin PBXResourcesBuildPhase section */
		371B340C2BE0C66500192ED6 /* Resources */ = {
			isa = PBXResourcesBuildPhase;
			buildActionMask = 2147483647;
			files = (
				371B34192BE0C66600192ED6 /* Preview Assets.xcassets in Resources */,
				371B34162BE0C66600192ED6 /* Assets.xcassets in Resources */,
			);
			runOnlyForDeploymentPostprocessing = 0;
		};
		371B341C2BE0C66700192ED6 /* Resources */ = {
			isa = PBXResourcesBuildPhase;
			buildActionMask = 2147483647;
			files = (
			);
			runOnlyForDeploymentPostprocessing = 0;
		};
		371B34262BE0C66700192ED6 /* Resources */ = {
			isa = PBXResourcesBuildPhase;
			buildActionMask = 2147483647;
			files = (
			);
			runOnlyForDeploymentPostprocessing = 0;
		};
/* End PBXResourcesBuildPhase section */

/* Begin PBXSourcesBuildPhase section */
		371B340A2BE0C66500192ED6 /* Sources */ = {
			isa = PBXSourcesBuildPhase;
			buildActionMask = 2147483647;
			files = (
				371B34482BE1256200192ED6 /* DashboardData.swift in Sources */,
				371B34142BE0C66500192ED6 /* ContentView.swift in Sources */,
				371B343E2BE110EC00192ED6 /* DashboardView.swift in Sources */,
				3755F18B2BE547C900833BBD /* ViewAnalyticsButton.swift in Sources */,
				371B344A2BE1264000192ED6 /* LineChartView.swift in Sources */,
				371B34452BE1240200192ED6 /* NetworkManager.swift in Sources */,
				371B34122BE0C66500192ED6 /* OpenInAppApp.swift in Sources */,
				379092EB2BE51A640054A296 /* ButtonStyleModifier.swift in Sources */,
				379092ED2BE53C9A0054A296 /* QuickStatView.swift in Sources */,
				371B34532BE289D800192ED6 /* ViewHelpers.swift in Sources */,
				379092E92BE515850054A296 /* LinkView.swift in Sources */,
				371B34412BE122E100192ED6 /* DashboardViewModel.swift in Sources */,
			);
			runOnlyForDeploymentPostprocessing = 0;
		};
		371B341A2BE0C66700192ED6 /* Sources */ = {
			isa = PBXSourcesBuildPhase;
			buildActionMask = 2147483647;
			files = (
				371B34232BE0C66700192ED6 /* OpenInAppTests.swift in Sources */,
			);
			runOnlyForDeploymentPostprocessing = 0;
		};
		371B34242BE0C66700192ED6 /* Sources */ = {
			isa = PBXSourcesBuildPhase;
			buildActionMask = 2147483647;
			files = (
				371B342D2BE0C66700192ED6 /* OpenInAppUITests.swift in Sources */,
				371B342F2BE0C66700192ED6 /* OpenInAppUITestsLaunchTests.swift in Sources */,
			);
			runOnlyForDeploymentPostprocessing = 0;
		};
/* End PBXSourcesBuildPhase section */

/* Begin PBXTargetDependency section */
		371B34202BE0C66700192ED6 /* PBXTargetDependency */ = {
			isa = PBXTargetDependency;
			target = 371B340D2BE0C66500192ED6 /* OpenInApp */;
			targetProxy = 371B341F2BE0C66700192ED6 /* PBXContainerItemProxy */;
		};
		371B342A2BE0C66700192ED6 /* PBXTargetDependency */ = {
			isa = PBXTargetDependency;
			target = 371B340D2BE0C66500192ED6 /* OpenInApp */;
			targetProxy = 371B34292BE0C66700192ED6 /* PBXContainerItemProxy */;
		};
/* End PBXTargetDependency section */

/* Begin XCBuildConfiguration section */
		371B34302BE0C66700192ED6 /* Debug */ = {
			isa = XCBuildConfiguration;
			buildSettings = {
				ALWAYS_SEARCH_USER_PATHS = NO;
				ASSETCATALOG_COMPILER_GENERATE_SWIFT_ASSET_SYMBOL_EXTENSIONS = YES;
				CLANG_ANALYZER_NONNULL = YES;
				CLANG_ANALYZER_NUMBER_OBJECT_CONVERSION = YES_AGGRESSIVE;
				CLANG_CXX_LANGUAGE_STANDARD = "gnu++20";
				CLANG_ENABLE_MODULES = YES;
				CLANG_ENABLE_OBJC_ARC = YES;
				CLANG_ENABLE_OBJC_WEAK = YES;
				CLANG_WARN_BLOCK_CAPTURE_AUTORELEASING = YES;
				CLANG_WARN_BOOL_CONVERSION = YES;
				CLANG_WARN_COMMA = YES;
				CLANG_WARN_CONSTANT_CONVERSION = YES;
				CLANG_WARN_DEPRECATED_OBJC_IMPLEMENTATIONS = YES;
				CLANG_WARN_DIRECT_OBJC_ISA_USAGE = YES_ERROR;
				CLANG_WARN_DOCUMENTATION_COMMENTS = YES;
				CLANG_WARN_EMPTY_BODY = YES;
				CLANG_WARN_ENUM_CONVERSION = YES;
				CLANG_WARN_INFINITE_RECURSION = YES;
				CLANG_WARN_INT_CONVERSION = YES;
				CLANG_WARN_NON_LITERAL_NULL_CONVERSION = YES;
				CLANG_WARN_OBJC_IMPLICIT_RETAIN_SELF = YES;
				CLANG_WARN_OBJC_LITERAL_CONVERSION = YES;
				CLANG_WARN_OBJC_ROOT_CLASS = YES_ERROR;
				CLANG_WARN_QUOTED_INCLUDE_IN_FRAMEWORK_HEADER = YES;
				CLANG_WARN_RANGE_LOOP_ANALYSIS = YES;
				CLANG_WARN_STRICT_PROTOTYPES = YES;
				CLANG_WARN_SUSPICIOUS_MOVE = YES;
				CLANG_WARN_UNGUARDED_AVAILABILITY = YES_AGGRESSIVE;
				CLANG_WARN_UNREACHABLE_CODE = YES;
				CLANG_WARN__DUPLICATE_METHOD_MATCH = YES;
				COPY_PHASE_STRIP = NO;
				DEBUG_INFORMATION_FORMAT = dwarf;
				ENABLE_STRICT_OBJC_MSGSEND = YES;
				ENABLE_TESTABILITY = YES;
				ENABLE_USER_SCRIPT_SANDBOXING = YES;
				GCC_C_LANGUAGE_STANDARD = gnu17;
				GCC_DYNAMIC_NO_PIC = NO;
				GCC_NO_COMMON_BLOCKS = YES;
				GCC_OPTIMIZATION_LEVEL = 0;
				GCC_PREPROCESSOR_DEFINITIONS = (
					"DEBUG=1",
					"$(inherited)",
				);
				GCC_WARN_64_TO_32_BIT_CONVERSION = YES;
				GCC_WARN_ABOUT_RETURN_TYPE = YES_ERROR;
				GCC_WARN_UNDECLARED_SELECTOR = YES;
				GCC_WARN_UNINITIALIZED_AUTOS = YES_AGGRESSIVE;
				GCC_WARN_UNUSED_FUNCTION = YES;
				GCC_WARN_UNUSED_VARIABLE = YES;
				IPHONEOS_DEPLOYMENT_TARGET = 16.0;
				LOCALIZATION_PREFERS_STRING_CATALOGS = YES;
				MTL_ENABLE_DEBUG_INFO = INCLUDE_SOURCE;
				MTL_FAST_MATH = YES;
				ONLY_ACTIVE_ARCH = YES;
				SDKROOT = iphoneos;
				SWIFT_ACTIVE_COMPILATION_CONDITIONS = "DEBUG $(inherited)";
				SWIFT_OPTIMIZATION_LEVEL = "-Onone";
			};
			name = Debug;
		};
		371B34312BE0C66700192ED6 /* Release */ = {
			isa = XCBuildConfiguration;
			buildSettings = {
				ALWAYS_SEARCH_USER_PATHS = NO;
				ASSETCATALOG_COMPILER_GENERATE_SWIFT_ASSET_SYMBOL_EXTENSIONS = YES;
				CLANG_ANALYZER_NONNULL = YES;
				CLANG_ANALYZER_NUMBER_OBJECT_CONVERSION = YES_AGGRESSIVE;
				CLANG_CXX_LANGUAGE_STANDARD = "gnu++20";
				CLANG_ENABLE_MODULES = YES;
				CLANG_ENABLE_OBJC_ARC = YES;
				CLANG_ENABLE_OBJC_WEAK = YES;
				CLANG_WARN_BLOCK_CAPTURE_AUTORELEASING = YES;
				CLANG_WARN_BOOL_CONVERSION = YES;
				CLANG_WARN_COMMA = YES;
				CLANG_WARN_CONSTANT_CONVERSION = YES;
				CLANG_WARN_DEPRECATED_OBJC_IMPLEMENTATIONS = YES;
				CLANG_WARN_DIRECT_OBJC_ISA_USAGE = YES_ERROR;
				CLANG_WARN_DOCUMENTATION_COMMENTS = YES;
				CLANG_WARN_EMPTY_BODY = YES;
				CLANG_WARN_ENUM_CONVERSION = YES;
				CLANG_WARN_INFINITE_RECURSION = YES;
				CLANG_WARN_INT_CONVERSION = YES;
				CLANG_WARN_NON_LITERAL_NULL_CONVERSION = YES;
				CLANG_WARN_OBJC_IMPLICIT_RETAIN_SELF = YES;
				CLANG_WARN_OBJC_LITERAL_CONVERSION = YES;
				CLANG_WARN_OBJC_ROOT_CLASS = YES_ERROR;
				CLANG_WARN_QUOTED_INCLUDE_IN_FRAMEWORK_HEADER = YES;
				CLANG_WARN_RANGE_LOOP_ANALYSIS = YES;
				CLANG_WARN_STRICT_PROTOTYPES = YES;
				CLANG_WARN_SUSPICIOUS_MOVE = YES;
				CLANG_WARN_UNGUARDED_AVAILABILITY = YES_AGGRESSIVE;
				CLANG_WARN_UNREACHABLE_CODE = YES;
				CLANG_WARN__DUPLICATE_METHOD_MATCH = YES;
				COPY_PHASE_STRIP = NO;
				DEBUG_INFORMATION_FORMAT = "dwarf-with-dsym";
				ENABLE_NS_ASSERTIONS = NO;
				ENABLE_STRICT_OBJC_MSGSEND = YES;
				ENABLE_USER_SCRIPT_SANDBOXING = YES;
				GCC_C_LANGUAGE_STANDARD = gnu17;
				GCC_NO_COMMON_BLOCKS = YES;
				GCC_WARN_64_TO_32_BIT_CONVERSION = YES;
				GCC_WARN_ABOUT_RETURN_TYPE = YES_ERROR;
				GCC_WARN_UNDECLARED_SELECTOR = YES;
				GCC_WARN_UNINITIALIZED_AUTOS = YES_AGGRESSIVE;
				GCC_WARN_UNUSED_FUNCTION = YES;
				GCC_WARN_UNUSED_VARIABLE = YES;
				IPHONEOS_DEPLOYMENT_TARGET = 16.0;
				LOCALIZATION_PREFERS_STRING_CATALOGS = YES;
				MTL_ENABLE_DEBUG_INFO = NO;
				MTL_FAST_MATH = YES;
				SDKROOT = iphoneos;
				SWIFT_COMPILATION_MODE = wholemodule;
				VALIDATE_PRODUCT = YES;
			};
			name = Release;
		};
		371B34332BE0C66700192ED6 /* Debug */ = {
			isa = XCBuildConfiguration;
			buildSettings = {
				ASSETCATALOG_COMPILER_APPICON_NAME = AppIcon;
				ASSETCATALOG_COMPILER_GLOBAL_ACCENT_COLOR_NAME = AccentColor;
				CODE_SIGN_STYLE = Automatic;
				CURRENT_PROJECT_VERSION = 1;
				DEVELOPMENT_ASSET_PATHS = "\"OpenInApp/Preview Content\"";
				ENABLE_PREVIEWS = YES;
				ENABLE_USER_SCRIPT_SANDBOXING = NO;
				GENERATE_INFOPLIST_FILE = YES;
				INFOPLIST_KEY_UIApplicationSceneManifest_Generation = YES;
				INFOPLIST_KEY_UIApplicationSupportsIndirectInputEvents = YES;
				INFOPLIST_KEY_UILaunchScreen_Generation = YES;
				INFOPLIST_KEY_UISupportedInterfaceOrientations_iPad = "UIInterfaceOrientationPortrait UIInterfaceOrientationPortraitUpsideDown UIInterfaceOrientationLandscapeLeft UIInterfaceOrientationLandscapeRight";
				INFOPLIST_KEY_UISupportedInterfaceOrientations_iPhone = "UIInterfaceOrientationPortrait UIInterfaceOrientationLandscapeLeft UIInterfaceOrientationLandscapeRight";
				IPHONEOS_DEPLOYMENT_TARGET = 16.0;
				LD_RUNPATH_SEARCH_PATHS = (
					"$(inherited)",
					"@executable_path/Frameworks",
				);
				MARKETING_VERSION = 1.0;
				PRODUCT_BUNDLE_IDENTIFIER = com.mindera.OpenInApp;
				PRODUCT_NAME = "$(TARGET_NAME)";
				SWIFT_EMIT_LOC_STRINGS = YES;
				SWIFT_VERSION = 5.0;
				TARGETED_DEVICE_FAMILY = "1,2";
			};
			name = Debug;
		};
		371B34342BE0C66700192ED6 /* Release */ = {
			isa = XCBuildConfiguration;
			buildSettings = {
				ASSETCATALOG_COMPILER_APPICON_NAME = AppIcon;
				ASSETCATALOG_COMPILER_GLOBAL_ACCENT_COLOR_NAME = AccentColor;
				CODE_SIGN_STYLE = Automatic;
				CURRENT_PROJECT_VERSION = 1;
				DEVELOPMENT_ASSET_PATHS = "\"OpenInApp/Preview Content\"";
				ENABLE_PREVIEWS = YES;
				ENABLE_USER_SCRIPT_SANDBOXING = NO;
				GENERATE_INFOPLIST_FILE = YES;
				INFOPLIST_KEY_UIApplicationSceneManifest_Generation = YES;
				INFOPLIST_KEY_UIApplicationSupportsIndirectInputEvents = YES;
				INFOPLIST_KEY_UILaunchScreen_Generation = YES;
				INFOPLIST_KEY_UISupportedInterfaceOrientations_iPad = "UIInterfaceOrientationPortrait UIInterfaceOrientationPortraitUpsideDown UIInterfaceOrientationLandscapeLeft UIInterfaceOrientationLandscapeRight";
				INFOPLIST_KEY_UISupportedInterfaceOrientations_iPhone = "UIInterfaceOrientationPortrait UIInterfaceOrientationLandscapeLeft UIInterfaceOrientationLandscapeRight";
				IPHONEOS_DEPLOYMENT_TARGET = 16.0;
				LD_RUNPATH_SEARCH_PATHS = (
					"$(inherited)",
					"@executable_path/Frameworks",
				);
				MARKETING_VERSION = 1.0;
				PRODUCT_BUNDLE_IDENTIFIER = com.mindera.OpenInApp;
				PRODUCT_NAME = "$(TARGET_NAME)";
				SWIFT_EMIT_LOC_STRINGS = YES;
				SWIFT_VERSION = 5.0;
				TARGETED_DEVICE_FAMILY = "1,2";
			};
			name = Release;
		};
		371B34362BE0C66700192ED6 /* Debug */ = {
			isa = XCBuildConfiguration;
			buildSettings = {
				ALWAYS_EMBED_SWIFT_STANDARD_LIBRARIES = YES;
				BUNDLE_LOADER = "$(TEST_HOST)";
				CODE_SIGN_STYLE = Automatic;
				CURRENT_PROJECT_VERSION = 1;
				GENERATE_INFOPLIST_FILE = YES;
				IPHONEOS_DEPLOYMENT_TARGET = 17.0;
				MARKETING_VERSION = 1.0;
				PRODUCT_BUNDLE_IDENTIFIER = com.mindera.OpenInAppTests;
				PRODUCT_NAME = "$(TARGET_NAME)";
				SWIFT_EMIT_LOC_STRINGS = NO;
				SWIFT_VERSION = 5.0;
				TARGETED_DEVICE_FAMILY = "1,2";
				TEST_HOST = "$(BUILT_PRODUCTS_DIR)/OpenInApp.app/$(BUNDLE_EXECUTABLE_FOLDER_PATH)/OpenInApp";
			};
			name = Debug;
		};
		371B34372BE0C66700192ED6 /* Release */ = {
			isa = XCBuildConfiguration;
			buildSettings = {
				ALWAYS_EMBED_SWIFT_STANDARD_LIBRARIES = YES;
				BUNDLE_LOADER = "$(TEST_HOST)";
				CODE_SIGN_STYLE = Automatic;
				CURRENT_PROJECT_VERSION = 1;
				GENERATE_INFOPLIST_FILE = YES;
				IPHONEOS_DEPLOYMENT_TARGET = 17.0;
				MARKETING_VERSION = 1.0;
				PRODUCT_BUNDLE_IDENTIFIER = com.mindera.OpenInAppTests;
				PRODUCT_NAME = "$(TARGET_NAME)";
				SWIFT_EMIT_LOC_STRINGS = NO;
				SWIFT_VERSION = 5.0;
				TARGETED_DEVICE_FAMILY = "1,2";
				TEST_HOST = "$(BUILT_PRODUCTS_DIR)/OpenInApp.app/$(BUNDLE_EXECUTABLE_FOLDER_PATH)/OpenInApp";
			};
			name = Release;
		};
		371B34392BE0C66700192ED6 /* Debug */ = {
			isa = XCBuildConfiguration;
			buildSettings = {
				ALWAYS_EMBED_SWIFT_STANDARD_LIBRARIES = YES;
				CODE_SIGN_STYLE = Automatic;
				CURRENT_PROJECT_VERSION = 1;
				GENERATE_INFOPLIST_FILE = YES;
				MARKETING_VERSION = 1.0;
				PRODUCT_BUNDLE_IDENTIFIER = com.mindera.OpenInAppUITests;
				PRODUCT_NAME = "$(TARGET_NAME)";
				SWIFT_EMIT_LOC_STRINGS = NO;
				SWIFT_VERSION = 5.0;
				TARGETED_DEVICE_FAMILY = "1,2";
				TEST_TARGET_NAME = OpenInApp;
			};
			name = Debug;
		};
		371B343A2BE0C66700192ED6 /* Release */ = {
			isa = XCBuildConfiguration;
			buildSettings = {
				ALWAYS_EMBED_SWIFT_STANDARD_LIBRARIES = YES;
				CODE_SIGN_STYLE = Automatic;
				CURRENT_PROJECT_VERSION = 1;
				GENERATE_INFOPLIST_FILE = YES;
				MARKETING_VERSION = 1.0;
				PRODUCT_BUNDLE_IDENTIFIER = com.mindera.OpenInAppUITests;
				PRODUCT_NAME = "$(TARGET_NAME)";
				SWIFT_EMIT_LOC_STRINGS = NO;
				SWIFT_VERSION = 5.0;
				TARGETED_DEVICE_FAMILY = "1,2";
				TEST_TARGET_NAME = OpenInApp;
			};
			name = Release;
		};
/* End XCBuildConfiguration section */

/* Begin XCConfigurationList section */
		371B34092BE0C66500192ED6 /* Build configuration list for PBXProject "OpenInApp" */ = {
			isa = XCConfigurationList;
			buildConfigurations = (
				371B34302BE0C66700192ED6 /* Debug */,
				371B34312BE0C66700192ED6 /* Release */,
			);
			defaultConfigurationIsVisible = 0;
			defaultConfigurationName = Release;
		};
		371B34322BE0C66700192ED6 /* Build configuration list for PBXNativeTarget "OpenInApp" */ = {
			isa = XCConfigurationList;
			buildConfigurations = (
				371B34332BE0C66700192ED6 /* Debug */,
				371B34342BE0C66700192ED6 /* Release */,
			);
			defaultConfigurationIsVisible = 0;
			defaultConfigurationName = Release;
		};
		371B34352BE0C66700192ED6 /* Build configuration list for PBXNativeTarget "OpenInAppTests" */ = {
			isa = XCConfigurationList;
			buildConfigurations = (
				371B34362BE0C66700192ED6 /* Debug */,
				371B34372BE0C66700192ED6 /* Release */,
			);
			defaultConfigurationIsVisible = 0;
			defaultConfigurationName = Release;
		};
		371B34382BE0C66700192ED6 /* Build configuration list for PBXNativeTarget "OpenInAppUITests" */ = {
			isa = XCConfigurationList;
			buildConfigurations = (
				371B34392BE0C66700192ED6 /* Debug */,
				371B343A2BE0C66700192ED6 /* Release */,
			);
			defaultConfigurationIsVisible = 0;
			defaultConfigurationName = Release;
		};
/* End XCConfigurationList section */
	};
	rootObject = 371B34062BE0C66500192ED6 /* Project object */;
}
